{
  "originHash" : "d3dc886a4d16e8496ac02a3240ea387d45ca6680ca82d0bdb951827ed2f58be2",
  "pins" : [
    {
      "identity" : "swift-textfile",
      "kind" : "remoteSourceControl",
      "location" : "https://github.com/orchetect/swift-textfile.git",
      "state" : {
        "revision" : "c9ffbb259f58c8ef4004a7d77f1a3b2c7ccf8638",
        "version" : "0.5.2"
      }
    },
    {
      "identity" : "xlkit",
      "kind" : "remoteSourceControl",
      "location" : "https://github.com/TheAcharya/XLKit",
      "state" : {
        "revision" : "39b44aa34b74bf004b388285590f2b752d411cc5",
        "version" : "1.1.6"
      }
    },
    {
      "identity" : "zipfoundation",
      "kind" : "remoteSourceControl",
      "location" : "https://github.com/weichsel/ZIPFoundation.git",
      "state" : {
        "revision" : "22787ffb59de99e5dc1fbfe80b19c97a904ad48d",
        "version" : "0.9.20"
      }
    }
  ],
  "version" : 3
}
